
Microsoft Visual Studio Solution File, Format Version 12.00
# Visual Studio Version 17
VisualStudioVersion = 17.13.35825.156 d17.13
MinimumVisualStudioVersion = 10.0.40219.1
Project("{FAE04EC0-301F-11D3-BF4B-00C04F79EFBC}") = "EchavezMidtermActivity2B", "EchavezMidtermActivity2B\EchavezMidtermActivity2B.csproj", "{7056D6B2-140F-451A-B6EB-502A096E9A62}"
EndProject
Global
	GlobalSection(SolutionConfigurationPlatforms) = preSolution
		Debug|Any CPU = Debug|Any CPU
		Release|Any CPU = Release|Any CPU
	EndGlobalSection
	GlobalSection(ProjectConfigurationPlatforms) = postSolution
		{7056D6B2-140F-451A-B6EB-502A096E9A62}.Debug|Any CPU.ActiveCfg = Debug|Any CPU
		{7056D6B2-140F-451A-B6EB-502A096E9A62}.Debug|Any CPU.Build.0 = Debug|Any CPU
		{7056D6B2-140F-451A-B6EB-502A096E9A62}.Release|Any CPU.ActiveCfg = Release|Any CPU
		{7056D6B2-140F-451A-B6EB-502A096E9A62}.Release|Any CPU.Build.0 = Release|Any CPU
	EndGlobalSection
	GlobalSection(SolutionProperties) = preSolution
		HideSolutionNode = FALSE
	EndGlobalSection
	GlobalSection(ExtensibilityGlobals) = postSolution
		SolutionGuid = {22015BE6-9969-4E4B-B760-9F4BF60B561E}
	EndGlobalSection
EndGlobal
